
Microsoft Visual Studio Solution File, Format Version 12.00
# Visual Studio Version 17
VisualStudioVersion = 17.5.002.0
MinimumVisualStudioVersion = 10.0.40219.1
Project("{9A19103F-16F7-4668-BE54-9A1E7A4F7556}") = "HexCore", "HexCore.csproj", "{DA5EA7D2-D0F2-4951-B8DD-D7B6FE6F31D4}"
EndProject
Global
	GlobalSection(SolutionConfigurationPlatforms) = preSolution
		Debug|Any CPU = Debug|Any CPU
		Release|Any CPU = Release|Any CPU
	EndGlobalSection
	GlobalSection(ProjectConfigurationPlatforms) = postSolution
		{DA5EA7D2-D0F2-4951-B8DD-D7B6FE6F31D4}.Debug|Any CPU.ActiveCfg = Debug|Any CPU
		{DA5EA7D2-D0F2-4951-B8DD-D7B6FE6F31D4}.Debug|Any CPU.Build.0 = Debug|Any CPU
		{DA5EA7D2-D0F2-4951-B8DD-D7B6FE6F31D4}.Release|Any CPU.ActiveCfg = Release|Any CPU
		{DA5EA7D2-D0F2-4951-B8DD-D7B6FE6F31D4}.Release|Any CPU.Build.0 = Release|Any CPU
	EndGlobalSection
	GlobalSection(SolutionProperties) = preSolution
		HideSolutionNode = FALSE
	EndGlobalSection
	GlobalSection(ExtensibilityGlobals) = postSolution
		SolutionGuid = {F50D8ECB-43FF-43C2-8175-00BA57FA1FDF}
	EndGlobalSection
EndGlobal
