
Microsoft Visual Studio Solution File, Format Version 12.00
# Visual Studio Version 17
VisualStudioVersion = 17.5.002.0
MinimumVisualStudioVersion = 10.0.40219.1
Project("{9A19103F-16F7-4668-BE54-9A1E7A4F7556}") = "shared", "shared.csproj", "{ECD1F914-FD2A-4525-828B-FFB5DA0ABD27}"
EndProject
Global
	GlobalSection(SolutionConfigurationPlatforms) = preSolution
		Debug|Any CPU = Debug|Any CPU
		Release|Any CPU = Release|Any CPU
	EndGlobalSection
	GlobalSection(ProjectConfigurationPlatforms) = postSolution
		{ECD1F914-FD2A-4525-828B-FFB5DA0ABD27}.Debug|Any CPU.ActiveCfg = Debug|Any CPU
		{ECD1F914-FD2A-4525-828B-FFB5DA0ABD27}.Debug|Any CPU.Build.0 = Debug|Any CPU
		{ECD1F914-FD2A-4525-828B-FFB5DA0ABD27}.Release|Any CPU.ActiveCfg = Release|Any CPU
		{ECD1F914-FD2A-4525-828B-FFB5DA0ABD27}.Release|Any CPU.Build.0 = Release|Any CPU
	EndGlobalSection
	GlobalSection(SolutionProperties) = preSolution
		HideSolutionNode = FALSE
	EndGlobalSection
	GlobalSection(ExtensibilityGlobals) = postSolution
		SolutionGuid = {41717345-7C0B-4EEF-B75B-D7B82B9D51FB}
	EndGlobalSection
EndGlobal
