
Microsoft Visual Studio Solution File, Format Version 12.00
# Visual Studio Version 17
VisualStudioVersion = 17.5.002.0
MinimumVisualStudioVersion = 10.0.40219.1
Project("{9A19103F-16F7-4668-BE54-9A1E7A4F7556}") = "ManagerBack", "ManagerBack.csproj", "{CFB82F7F-6BE4-4AFE-9900-DBEE808E4F8B}"
EndProject
Global
	GlobalSection(SolutionConfigurationPlatforms) = preSolution
		Debug|Any CPU = Debug|Any CPU
		Release|Any CPU = Release|Any CPU
	EndGlobalSection
	GlobalSection(ProjectConfigurationPlatforms) = postSolution
		{CFB82F7F-6BE4-4AFE-9900-DBEE808E4F8B}.Debug|Any CPU.ActiveCfg = Debug|Any CPU
		{CFB82F7F-6BE4-4AFE-9900-DBEE808E4F8B}.Debug|Any CPU.Build.0 = Debug|Any CPU
		{CFB82F7F-6BE4-4AFE-9900-DBEE808E4F8B}.Release|Any CPU.ActiveCfg = Release|Any CPU
		{CFB82F7F-6BE4-4AFE-9900-DBEE808E4F8B}.Release|Any CPU.Build.0 = Release|Any CPU
	EndGlobalSection
	GlobalSection(SolutionProperties) = preSolution
		HideSolutionNode = FALSE
	EndGlobalSection
	GlobalSection(ExtensibilityGlobals) = postSolution
		SolutionGuid = {54BBAE0C-752C-481D-B120-FC63B776E3FF}
	EndGlobalSection
EndGlobal
